// !$*UTF8*$!
{
	archiveVersion = 1;
	classes = {
	};
	objectVersion = 50;
	objects = {

/* Begin PBXBuildFile section */
		202D6B6F222BADF9001513E7 /* AppDelegate.swift in Sources */ = {isa = PBXBuildFile; fileRef = 202D6B6E222BADF9001513E7 /* AppDelegate.swift */; };
		202D6B71222BADF9001513E7 /* ViewController.swift in Sources */ = {isa = PBXBuildFile; fileRef = 202D6B70222BADF9001513E7 /* ViewController.swift */; };
		202D6B74222BADF9001513E7 /* Main.storyboard in Resources */ = {isa = PBXBuildFile; fileRef = 202D6B72222BADF9001513E7 /* Main.storyboard */; };
		202D6B76222BADFB001513E7 /* Assets.xcassets in Resources */ = {isa = PBXBuildFile; fileRef = 202D6B75222BADFB001513E7 /* Assets.xcassets */; };
		202D6B79222BADFB001513E7 /* LaunchScreen.storyboard in Resources */ = {isa = PBXBuildFile; fileRef = 202D6B77222BADFB001513E7 /* LaunchScreen.storyboard */; };
		202D6B84222BADFB001513E7 /* LisaTests.swift in Sources */ = {isa = PBXBuildFile; fileRef = 202D6B83222BADFB001513E7 /* LisaTests.swift */; };
		202D6B8F222BADFB001513E7 /* LisaUITests.swift in Sources */ = {isa = PBXBuildFile; fileRef = 202D6B8E222BADFB001513E7 /* LisaUITests.swift */; };
/* End PBXBuildFile section */

/* Begin PBXContainerItemProxy section */
		202D6B80222BADFB001513E7 /* PBXContainerItemProxy */ = {
			isa = PBXContainerItemProxy;
			containerPortal = 202D6B63222BADF9001513E7 /* Project object */;
			proxyType = 1;
			remoteGlobalIDString = 202D6B6A222BADF9001513E7;
			remoteInfo = Lisa;
		};
		202D6B8B222BADFB001513E7 /* PBXContainerItemProxy */ = {
			isa = PBXContainerItemProxy;
			containerPortal = 202D6B63222BADF9001513E7 /* Project object */;
			proxyType = 1;
			remoteGlobalIDString = 202D6B6A222BADF9001513E7;
			remoteInfo = Lisa;
		};
/* End PBXContainerItemProxy section */

/* Begin PBXFileReference section */
		202D6B6B222BADF9001513E7 /* Lisa.app */ = {isa = PBXFileReference; explicitFileType = wrapper.application; includeInIndex = 0; path = Lisa.app; sourceTree = BUILT_PRODUCTS_DIR; };
		202D6B6E222BADF9001513E7 /* AppDelegate.swift */ = {isa = PBXFileReference; lastKnownFileType = sourcecode.swift; path = AppDelegate.swift; sourceTree = "<group>"; };
		202D6B70222BADF9001513E7 /* ViewController.swift */ = {isa = PBXFileReference; lastKnownFileType = sourcecode.swift; path = ViewController.swift; sourceTree = "<group>"; };
		202D6B73222BADF9001513E7 /* Base */ = {isa = PBXFileReference; lastKnownFileType = file.storyboard; name = Base; path = Base.lproj/Main.storyboard; sourceTree = "<group>"; };
		202D6B75222BADFB001513E7 /* Assets.xcassets */ = {isa = PBXFileReference; lastKnownFileType = folder.assetcatalog; path = Assets.xcassets; sourceTree = "<group>"; };
		202D6B78222BADFB001513E7 /* Base */ = {isa = PBXFileReference; lastKnownFileType = file.storyboard; name = Base; path = Base.lproj/LaunchScreen.storyboard; sourceTree = "<group>"; };
		202D6B7A222BADFB001513E7 /* Info.plist */ = {isa = PBXFileReference; lastKnownFileType = text.plist.xml; path = Info.plist; sourceTree = "<group>"; };
		202D6B7F222BADFB001513E7 /* LisaTests.xctest */ = {isa = PBXFileReference; explicitFileType = wrapper.cfbundle; includeInIndex = 0; path = LisaTests.xctest; sourceTree = BUILT_PRODUCTS_DIR; };
		202D6B83222BADFB001513E7 /* LisaTests.swift */ = {isa = PBXFileReference; lastKnownFileType = sourcecode.swift; path = LisaTests.swift; sourceTree = "<group>"; };
		202D6B85222BADFB001513E7 /* Info.plist */ = {isa = PBXFileReference; lastKnownFileType = text.plist.xml; path = Info.plist; sourceTree = "<group>"; };
		202D6B8A222BADFB001513E7 /* LisaUITests.xctest */ = {isa = PBXFileReference; explicitFileType = wrapper.cfbundle; includeInIndex = 0; path = LisaUITests.xctest; sourceTree = BUILT_PRODUCTS_DIR; };
		202D6B8E222BADFB001513E7 /* LisaUITests.swift */ = {isa = PBXFileReference; lastKnownFileType = sourcecode.swift; path = LisaUITests.swift; sourceTree = "<group>"; };
		202D6B90222BADFB001513E7 /* Info.plist */ = {isa = PBXFileReference; lastKnownFileType = text.plist.xml; path = Info.plist; sourceTree = "<group>"; };
/* End PBXFileReference section */

/* Begin PBXFrameworksBuildPhase section */
		202D6B68222BADF9001513E7 /* Frameworks */ = {
			isa = PBXFrameworksBuildPhase;
			buildActionMask = 2147483647;
			files = (
			);
			runOnlyForDeploymentPostprocessing = 0;
		};
		202D6B7C222BADFB001513E7 /* Frameworks */ = {
			isa = PBXFrameworksBuildPhase;
			buildActionMask = 2147483647;
			files = (
			);
			runOnlyForDeploymentPostprocessing = 0;
		};
		202D6B87222BADFB001513E7 /* Frameworks */ = {
			isa = PBXFrameworksBuildPhase;
			buildActionMask = 2147483647;
			files = (
			);
			runOnlyForDeploymentPostprocessing = 0;
		};
/* End PBXFrameworksBuildPhase section */

/* Begin PBXGroup section */
		202D6B62222BADF9001513E7 = {
			isa = PBXGroup;
			children = (
				202D6B6D222BADF9001513E7 /* Lisa */,
				202D6B82222BADFB001513E7 /* LisaTests */,
				202D6B8D222BADFB001513E7 /* LisaUITests */,
				202D6B6C222BADF9001513E7 /* Products */,
			);
			sourceTree = "<group>";
		};
		202D6B6C222BADF9001513E7 /* Products */ = {
			isa = PBXGroup;
			children = (
				202D6B6B222BADF9001513E7 /* Lisa.app */,
				202D6B7F222BADFB001513E7 /* LisaTests.xctest */,
				202D6B8A222BADFB001513E7 /* LisaUITests.xctest */,
			);
			name = Products;
			sourceTree = "<group>";
		};
		202D6B6D222BADF9001513E7 /* Lisa */ = {
			isa = PBXGroup;
			children = (
				202D6B6E222BADF9001513E7 /* AppDelegate.swift */,
				202D6B70222BADF9001513E7 /* ViewController.swift */,
				202D6B72222BADF9001513E7 /* Main.storyboard */,
				202D6B75222BADFB001513E7 /* Assets.xcassets */,
				202D6B77222BADFB001513E7 /* LaunchScreen.storyboard */,
				202D6B7A222BADFB001513E7 /* Info.plist */,
			);
			path = Lisa;
			sourceTree = "<group>";
		};
		202D6B82222BADFB001513E7 /* LisaTests */ = {
			isa = PBXGroup;
			children = (
				202D6B83222BADFB001513E7 /* LisaTests.swift */,
				202D6B85222BADFB001513E7 /* Info.plist */,
			);
			path = LisaTests;
			sourceTree = "<group>";
		};
		202D6B8D222BADFB001513E7 /* LisaUITests */ = {
			isa = PBXGroup;
			children = (
				202D6B8E222BADFB001513E7 /* LisaUITests.swift */,
				202D6B90222BADFB001513E7 /* Info.plist */,
			);
			path = LisaUITests;
			sourceTree = "<group>";
		};
/* End PBXGroup section */

/* Begin PBXNativeTarget section */
		202D6B6A222BADF9001513E7 /* Lisa */ = {
			isa = PBXNativeTarget;
			buildConfigurationList = 202D6B93222BADFB001513E7 /* Build configuration list for PBXNativeTarget "Lisa" */;
			buildPhases = (
				202D6B67222BADF9001513E7 /* Sources */,
				202D6B68222BADF9001513E7 /* Frameworks */,
				202D6B69222BADF9001513E7 /* Resources */,
			);
			buildRules = (
			);
			dependencies = (
			);
			name = Lisa;
			productName = Lisa;
			productReference = 202D6B6B222BADF9001513E7 /* Lisa.app */;
			productType = "com.apple.product-type.application";
		};
		202D6B7E222BADFB001513E7 /* LisaTests */ = {
			isa = PBXNativeTarget;
			buildConfigurationList = 202D6B96222BADFB001513E7 /* Build configuration list for PBXNativeTarget "LisaTests" */;
			buildPhases = (
				202D6B7B222BADFB001513E7 /* Sources */,
				202D6B7C222BADFB001513E7 /* Frameworks */,
				202D6B7D222BADFB001513E7 /* Resources */,
			);
			buildRules = (
			);
			dependencies = (
				202D6B81222BADFB001513E7 /* PBXTargetDependency */,
			);
			name = LisaTests;
			productName = LisaTests;
			productReference = 202D6B7F222BADFB001513E7 /* LisaTests.xctest */;
			productType = "com.apple.product-type.bundle.unit-test";
		};
		202D6B89222BADFB001513E7 /* LisaUITests */ = {
			isa = PBXNativeTarget;
			buildConfigurationList = 202D6B99222BADFB001513E7 /* Build configuration list for PBXNativeTarget "LisaUITests" */;
			buildPhases = (
				202D6B86222BADFB001513E7 /* Sources */,
				202D6B87222BADFB001513E7 /* Frameworks */,
				202D6B88222BADFB001513E7 /* Resources */,
			);
			buildRules = (
			);
			dependencies = (
				202D6B8C222BADFB001513E7 /* PBXTargetDependency */,
			);
			name = LisaUITests;
			productName = LisaUITests;
			productReference = 202D6B8A222BADFB001513E7 /* LisaUITests.xctest */;
			productType = "com.apple.product-type.bundle.ui-testing";
		};
/* End PBXNativeTarget section */

/* Begin PBXProject section */
		202D6B63222BADF9001513E7 /* Project object */ = {
			isa = PBXProject;
			attributes = {
				LastSwiftUpdateCheck = 1010;
				LastUpgradeCheck = 1010;
				ORGANIZATIONNAME = "ミッキー";
				TargetAttributes = {
					202D6B6A222BADF9001513E7 = {
						CreatedOnToolsVersion = 10.1;
					};
					202D6B7E222BADFB001513E7 = {
						CreatedOnToolsVersion = 10.1;
						TestTargetID = 202D6B6A222BADF9001513E7;
					};
					202D6B89222BADFB001513E7 = {
						CreatedOnToolsVersion = 10.1;
						TestTargetID = 202D6B6A222BADF9001513E7;
					};
				};
			};
			buildConfigurationList = 202D6B66222BADF9001513E7 /* Build configuration list for PBXProject "Lisa" */;
			compatibilityVersion = "Xcode 9.3";
			developmentRegion = en;
			hasScannedForEncodings = 0;
			knownRegions = (
				en,
				Base,
			);
			mainGroup = 202D6B62222BADF9001513E7;
			productRefGroup = 202D6B6C222BADF9001513E7 /* Products */;
			projectDirPath = "";
			projectRoot = "";
			targets = (
				202D6B6A222BADF9001513E7 /* Lisa */,
				202D6B7E222BADFB001513E7 /* LisaTests */,
				202D6B89222BADFB001513E7 /* LisaUITests */,
			);
		};
/* End PBXProject section */

/* Begin PBXResourcesBuildPhase section */
		202D6B69222BADF9001513E7 /* Resources */ = {
			isa = PBXResourcesBuildPhase;
			buildActionMask = 2147483647;
			files = (
				202D6B79222BADFB001513E7 /* LaunchScreen.storyboard in Resources */,
				202D6B76222BADFB001513E7 /* Assets.xcassets in Resources */,
				202D6B74222BADF9001513E7 /* Main.storyboard in Resources */,
			);
			runOnlyForDeploymentPostprocessing = 0;
		};
		202D6B7D222BADFB001513E7 /* Resources */ = {
			isa = PBXResourcesBuildPhase;
			buildActionMask = 2147483647;
			files = (
			);
			runOnlyForDeploymentPostprocessing = 0;
		};
		202D6B88222BADFB001513E7 /* Resources */ = {
			isa = PBXResourcesBuildPhase;
			buildActionMask = 2147483647;
			files = (
			);
			runOnlyForDeploymentPostprocessing = 0;
		};
/* End PBXResourcesBuildPhase section */

/* Begin PBXSourcesBuildPhase section */
		202D6B67222BADF9001513E7 /* Sources */ = {
			isa = PBXSourcesBuildPhase;
			buildActionMask = 2147483647;
			files = (
				202D6B71222BADF9001513E7 /* ViewController.swift in Sources */,
				202D6B6F222BADF9001513E7 /* AppDelegate.swift in Sources */,
			);
			runOnlyForDeploymentPostprocessing = 0;
		};
		202D6B7B222BADFB001513E7 /* Sources */ = {
			isa = PBXSourcesBuildPhase;
			buildActionMask = 2147483647;
			files = (
				202D6B84222BADFB001513E7 /* LisaTests.swift in Sources */,
			);
			runOnlyForDeploymentPostprocessing = 0;
		};
		202D6B86222BADFB001513E7 /* Sources */ = {
			isa = PBXSourcesBuildPhase;
			buildActionMask = 2147483647;
			files = (
				202D6B8F222BADFB001513E7 /* LisaUITests.swift in Sources */,
			);
			runOnlyForDeploymentPostprocessing = 0;
		};
/* End PBXSourcesBuildPhase section */

/* Begin PBXTargetDependency section */
		202D6B81222BADFB001513E7 /* PBXTargetDependency */ = {
			isa = PBXTargetDependency;
			target = 202D6B6A222BADF9001513E7 /* Lisa */;
			targetProxy = 202D6B80222BADFB001513E7 /* PBXContainerItemProxy */;
		};
		202D6B8C222BADFB001513E7 /* PBXTargetDependency */ = {
			isa = PBXTargetDependency;
			target = 202D6B6A222BADF9001513E7 /* Lisa */;
			targetProxy = 202D6B8B222BADFB001513E7 /* PBXContainerItemProxy */;
		};
/* End PBXTargetDependency section */

/* Begin PBXVariantGroup section */
		202D6B72222BADF9001513E7 /* Main.storyboard */ = {
			isa = PBXVariantGroup;
			children = (
				202D6B73222BADF9001513E7 /* Base */,
			);
			name = Main.storyboard;
			sourceTree = "<group>";
		};
		202D6B77222BADFB001513E7 /* LaunchScreen.storyboard */ = {
			isa = PBXVariantGroup;
			children = (
				202D6B78222BADFB001513E7 /* Base */,
			);
			name = LaunchScreen.storyboard;
			sourceTree = "<group>";
		};
/* End PBXVariantGroup section */

/* Begin XCBuildConfiguration section */
		202D6B91222BADFB001513E7 /* Debug */ = {
			isa = XCBuildConfiguration;
			buildSettings = {
				ALWAYS_SEARCH_USER_PATHS = NO;
				CLANG_ANALYZER_NONNULL = YES;
				CLANG_ANALYZER_NUMBER_OBJECT_CONVERSION = YES_AGGRESSIVE;
				CLANG_CXX_LANGUAGE_STANDARD = "gnu++14";
				CLANG_CXX_LIBRARY = "libc++";
				CLANG_ENABLE_MODULES = YES;
				CLANG_ENABLE_OBJC_ARC = YES;
				CLANG_ENABLE_OBJC_WEAK = YES;
				CLANG_WARN_BLOCK_CAPTURE_AUTORELEASING = YES;
				CLANG_WARN_BOOL_CONVERSION = YES;
				CLANG_WARN_COMMA = YES;
				CLANG_WARN_CONSTANT_CONVERSION = YES;
				CLANG_WARN_DEPRECATED_OBJC_IMPLEMENTATIONS = YES;
				CLANG_WARN_DIRECT_OBJC_ISA_USAGE = YES_ERROR;
				CLANG_WARN_DOCUMENTATION_COMMENTS = YES;
				CLANG_WARN_EMPTY_BODY = YES;
				CLANG_WARN_ENUM_CONVERSION = YES;
				CLANG_WARN_INFINITE_RECURSION = YES;
				CLANG_WARN_INT_CONVERSION = YES;
				CLANG_WARN_NON_LITERAL_NULL_CONVERSION = YES;
				CLANG_WARN_OBJC_IMPLICIT_RETAIN_SELF = YES;
				CLANG_WARN_OBJC_LITERAL_CONVERSION = YES;
				CLANG_WARN_OBJC_ROOT_CLASS = YES_ERROR;
				CLANG_WARN_RANGE_LOOP_ANALYSIS = YES;
				CLANG_WARN_STRICT_PROTOTYPES = YES;
				CLANG_WARN_SUSPICIOUS_MOVE = YES;
				CLANG_WARN_UNGUARDED_AVAILABILITY = YES_AGGRESSIVE;
				CLANG_WARN_UNREACHABLE_CODE = YES;
				CLANG_WARN__DUPLICATE_METHOD_MATCH = YES;
				CODE_SIGN_IDENTITY = "iPhone Developer";
				COPY_PHASE_STRIP = NO;
				DEBUG_INFORMATION_FORMAT = dwarf;
				ENABLE_STRICT_OBJC_MSGSEND = YES;
				ENABLE_TESTABILITY = YES;
				GCC_C_LANGUAGE_STANDARD = gnu11;
				GCC_DYNAMIC_NO_PIC = NO;
				GCC_NO_COMMON_BLOCKS = YES;
				GCC_OPTIMIZATION_LEVEL = 0;
				GCC_PREPROCESSOR_DEFINITIONS = (
					"DEBUG=1",
					"$(inherited)",
				);
				GCC_WARN_64_TO_32_BIT_CONVERSION = YES;
				GCC_WARN_ABOUT_RETURN_TYPE = YES_ERROR;
				GCC_WARN_UNDECLARED_SELECTOR = YES;
				GCC_WARN_UNINITIALIZED_AUTOS = YES_AGGRESSIVE;
				GCC_WARN_UNUSED_FUNCTION = YES;
				GCC_WARN_UNUSED_VARIABLE = YES;
				IPHONEOS_DEPLOYMENT_TARGET = 12.1;
				MTL_ENABLE_DEBUG_INFO = INCLUDE_SOURCE;
				MTL_FAST_MATH = YES;
				ONLY_ACTIVE_ARCH = YES;
				SDKROOT = iphoneos;
				SWIFT_ACTIVE_COMPILATION_CONDITIONS = DEBUG;
				SWIFT_OPTIMIZATION_LEVEL = "-Onone";
			};
			name = Debug;
		};
		202D6B92222BADFB001513E7 /* Release */ = {
			isa = XCBuildConfiguration;
			buildSettings = {
				ALWAYS_SEARCH_USER_PATHS = NO;
				CLANG_ANALYZER_NONNULL = YES;
				CLANG_ANALYZER_NUMBER_OBJECT_CONVERSION = YES_AGGRESSIVE;
				CLANG_CXX_LANGUAGE_STANDARD = "gnu++14";
				CLANG_CXX_LIBRARY = "libc++";
				CLANG_ENABLE_MODULES = YES;
				CLANG_ENABLE_OBJC_ARC = YES;
				CLANG_ENABLE_OBJC_WEAK = YES;
				CLANG_WARN_BLOCK_CAPTURE_AUTORELEASING = YES;
				CLANG_WARN_BOOL_CONVERSION = YES;
				CLANG_WARN_COMMA = YES;
				CLANG_WARN_CONSTANT_CONVERSION = YES;
				CLANG_WARN_DEPRECATED_OBJC_IMPLEMENTATIONS = YES;
				CLANG_WARN_DIRECT_OBJC_ISA_USAGE = YES_ERROR;
				CLANG_WARN_DOCUMENTATION_COMMENTS = YES;
				CLANG_WARN_EMPTY_BODY = YES;
				CLANG_WARN_ENUM_CONVERSION = YES;
				CLANG_WARN_INFINITE_RECURSION = YES;
				CLANG_WARN_INT_CONVERSION = YES;
				CLANG_WARN_NON_LITERAL_NULL_CONVERSION = YES;
				CLANG_WARN_OBJC_IMPLICIT_RETAIN_SELF = YES;
				CLANG_WARN_OBJC_LITERAL_CONVERSION = YES;
				CLANG_WARN_OBJC_ROOT_CLASS = YES_ERROR;
				CLANG_WARN_RANGE_LOOP_ANALYSIS = YES;
				CLANG_WARN_STRICT_PROTOTYPES = YES;
				CLANG_WARN_SUSPICIOUS_MOVE = YES;
				CLANG_WARN_UNGUARDED_AVAILABILITY = YES_AGGRESSIVE;
				CLANG_WARN_UNREACHABLE_CODE = YES;
				CLANG_WARN__DUPLICATE_METHOD_MATCH = YES;
				CODE_SIGN_IDENTITY = "iPhone Developer";
				COPY_PHASE_STRIP = NO;
				DEBUG_INFORMATION_FORMAT = "dwarf-with-dsym";
				ENABLE_NS_ASSERTIONS = NO;
				ENABLE_STRICT_OBJC_MSGSEND = YES;
				GCC_C_LANGUAGE_STANDARD = gnu11;
				GCC_NO_COMMON_BLOCKS = YES;
				GCC_WARN_64_TO_32_BIT_CONVERSION = YES;
				GCC_WARN_ABOUT_RETURN_TYPE = YES_ERROR;
				GCC_WARN_UNDECLARED_SELECTOR = YES;
				GCC_WARN_UNINITIALIZED_AUTOS = YES_AGGRESSIVE;
				GCC_WARN_UNUSED_FUNCTION = YES;
				GCC_WARN_UNUSED_VARIABLE = YES;
				IPHONEOS_DEPLOYMENT_TARGET = 12.1;
				MTL_ENABLE_DEBUG_INFO = NO;
				MTL_FAST_MATH = YES;
				SDKROOT = iphoneos;
				SWIFT_COMPILATION_MODE = wholemodule;
				SWIFT_OPTIMIZATION_LEVEL = "-O";
				VALIDATE_PRODUCT = YES;
			};
			name = Release;
		};
		202D6B94222BADFB001513E7 /* Debug */ = {
			isa = XCBuildConfiguration;
			buildSettings = {
				ASSETCATALOG_COMPILER_APPICON_NAME = AppIcon;
				CODE_SIGN_STYLE = Automatic;
				INFOPLIST_FILE = Lisa/Info.plist;
				LD_RUNPATH_SEARCH_PATHS = (
					"$(inherited)",
					"@executable_path/Frameworks",
				);
				PRODUCT_BUNDLE_IDENTIFIER = Leaf.Lisa;
				PRODUCT_NAME = "$(TARGET_NAME)";
				SWIFT_VERSION = 4.2;
				TARGETED_DEVICE_FAMILY = "1,2";
			};
			name = Debug;
		};
		202D6B95222BADFB001513E7 /* Release */ = {
			isa = XCBuildConfiguration;
			buildSettings = {
				ASSETCATALOG_COMPILER_APPICON_NAME = AppIcon;
				CODE_SIGN_STYLE = Automatic;
				INFOPLIST_FILE = Lisa/Info.plist;
				LD_RUNPATH_SEARCH_PATHS = (
					"$(inherited)",
					"@executable_path/Frameworks",
				);
				PRODUCT_BUNDLE_IDENTIFIER = Leaf.Lisa;
				PRODUCT_NAME = "$(TARGET_NAME)";
				SWIFT_VERSION = 4.2;
				TARGETED_DEVICE_FAMILY = "1,2";
			};
			name = Release;
		};
		202D6B97222BADFB001513E7 /* Debug */ = {
			isa = XCBuildConfiguration;
			buildSettings = {
				ALWAYS_EMBED_SWIFT_STANDARD_LIBRARIES = YES;
				BUNDLE_LOADER = "$(TEST_HOST)";
				CODE_SIGN_STYLE = Automatic;
				INFOPLIST_FILE = LisaTests/Info.plist;
				LD_RUNPATH_SEARCH_PATHS = (
					"$(inherited)",
					"@executable_path/Frameworks",
					"@loader_path/Frameworks",
				);
				PRODUCT_BUNDLE_IDENTIFIER = Leaf.LisaTests;
				PRODUCT_NAME = "$(TARGET_NAME)";
				SWIFT_VERSION = 4.2;
				TARGETED_DEVICE_FAMILY = "1,2";
				TEST_HOST = "$(BUILT_PRODUCTS_DIR)/Lisa.app/Lisa";
			};
			name = Debug;
		};
		202D6B98222BADFB001513E7 /* Release */ = {
			isa = XCBuildConfiguration;
			buildSettings = {
				ALWAYS_EMBED_SWIFT_STANDARD_LIBRARIES = YES;
				BUNDLE_LOADER = "$(TEST_HOST)";
				CODE_SIGN_STYLE = Automatic;
				INFOPLIST_FILE = LisaTests/Info.plist;
				LD_RUNPATH_SEARCH_PATHS = (
					"$(inherited)",
					"@executable_path/Frameworks",
					"@loader_path/Frameworks",
				);
				PRODUCT_BUNDLE_IDENTIFIER = Leaf.LisaTests;
				PRODUCT_NAME = "$(TARGET_NAME)";
				SWIFT_VERSION = 4.2;
				TARGETED_DEVICE_FAMILY = "1,2";
				TEST_HOST = "$(BUILT_PRODUCTS_DIR)/Lisa.app/Lisa";
			};
			name = Release;
		};
		202D6B9A222BADFB001513E7 /* Debug */ = {
			isa = XCBuildConfiguration;
			buildSettings = {
				ALWAYS_EMBED_SWIFT_STANDARD_LIBRARIES = YES;
				CODE_SIGN_STYLE = Automatic;
				INFOPLIST_FILE = LisaUITests/Info.plist;
				LD_RUNPATH_SEARCH_PATHS = (
					"$(inherited)",
					"@executable_path/Frameworks",
					"@loader_path/Frameworks",
				);
				PRODUCT_BUNDLE_IDENTIFIER = Leaf.LisaUITests;
				PRODUCT_NAME = "$(TARGET_NAME)";
				SWIFT_VERSION = 4.2;
				TARGETED_DEVICE_FAMILY = "1,2";
				TEST_TARGET_NAME = Lisa;
			};
			name = Debug;
		};
		202D6B9B222BADFB001513E7 /* Release */ = {
			isa = XCBuildConfiguration;
			buildSettings = {
				ALWAYS_EMBED_SWIFT_STANDARD_LIBRARIES = YES;
				CODE_SIGN_STYLE = Automatic;
				INFOPLIST_FILE = LisaUITests/Info.plist;
				LD_RUNPATH_SEARCH_PATHS = (
					"$(inherited)",
					"@executable_path/Frameworks",
					"@loader_path/Frameworks",
				);
				PRODUCT_BUNDLE_IDENTIFIER = Leaf.LisaUITests;
				PRODUCT_NAME = "$(TARGET_NAME)";
				SWIFT_VERSION = 4.2;
				TARGETED_DEVICE_FAMILY = "1,2";
				TEST_TARGET_NAME = Lisa;
			};
			name = Release;
		};
/* End XCBuildConfiguration section */

/* Begin XCConfigurationList section */
		202D6B66222BADF9001513E7 /* Build configuration list for PBXProject "Lisa" */ = {
			isa = XCConfigurationList;
			buildConfigurations = (
				202D6B91222BADFB001513E7 /* Debug */,
				202D6B92222BADFB001513E7 /* Release */,
			);
			defaultConfigurationIsVisible = 0;
			defaultConfigurationName = Release;
		};
		202D6B93222BADFB001513E7 /* Build configuration list for PBXNativeTarget "Lisa" */ = {
			isa = XCConfigurationList;
			buildConfigurations = (
				202D6B94222BADFB001513E7 /* Debug */,
				202D6B95222BADFB001513E7 /* Release */,
			);
			defaultConfigurationIsVisible = 0;
			defaultConfigurationName = Release;
		};
		202D6B96222BADFB001513E7 /* Build configuration list for PBXNativeTarget "LisaTests" */ = {
			isa = XCConfigurationList;
			buildConfigurations = (
				202D6B97222BADFB001513E7 /* Debug */,
				202D6B98222BADFB001513E7 /* Release */,
			);
			defaultConfigurationIsVisible = 0;
			defaultConfigurationName = Release;
		};
		202D6B99222BADFB001513E7 /* Build configuration list for PBXNativeTarget "LisaUITests" */ = {
			isa = XCConfigurationList;
			buildConfigurations = (
				202D6B9A222BADFB001513E7 /* Debug */,
				202D6B9B222BADFB001513E7 /* Release */,
			);
			defaultConfigurationIsVisible = 0;
			defaultConfigurationName = Release;
		};
/* End XCConfigurationList section */
	};
	rootObject = 202D6B63222BADF9001513E7 /* Project object */;
}
